
Microsoft Visual Studio Solution File, Format Version 12.00
# Visual Studio Version 17
VisualStudioVersion = 17.0.31717.71
MinimumVisualStudioVersion = 10.0.40219.1
Project("{FAE04EC0-301F-11D3-BF4B-00C04F79EFBC}") = "GPSWebAPI", "GPSWebAPI\GPSWebAPI.csproj", "{AF7C3642-C592-4605-BBA2-50E867F4C602}"
EndProject
Global
	GlobalSection(SolutionConfigurationPlatforms) = preSolution
		Debug|Any CPU = Debug|Any CPU
		Release|Any CPU = Release|Any CPU
	EndGlobalSection
	GlobalSection(ProjectConfigurationPlatforms) = postSolution
		{AF7C3642-C592-4605-BBA2-50E867F4C602}.Debug|Any CPU.ActiveCfg = Debug|Any CPU
		{AF7C3642-C592-4605-BBA2-50E867F4C602}.Debug|Any CPU.Build.0 = Debug|Any CPU
		{AF7C3642-C592-4605-BBA2-50E867F4C602}.Release|Any CPU.ActiveCfg = Release|Any CPU
		{AF7C3642-C592-4605-BBA2-50E867F4C602}.Release|Any CPU.Build.0 = Release|Any CPU
	EndGlobalSection
	GlobalSection(SolutionProperties) = preSolution
		HideSolutionNode = FALSE
	EndGlobalSection
	GlobalSection(ExtensibilityGlobals) = postSolution
		SolutionGuid = {0A5207D2-D1FE-4927-A51E-8792A7734D71}
	EndGlobalSection
EndGlobal
